# This file is automatically @generated by Cargo.
# It is not intended for manual editing.
version = 4

[[package]]
name = "codekurve"
version = "0.1.0"

[[package]]
name = "codekurve-analysis"
version = "0.1.0"

[[package]]
name = "codekurve-core"
version = "0.1.0"

[[package]]
name = "codekurve-mcp"
version = "0.1.0"

[[package]]
name = "codekurve-store"
version = "0.1.0"
